<?xml version="1.0" encoding="utf-8"?>
<Project ToolsVersion="4.0" xmlns="http://schemas.microsoft.com/developer/msbuild/2003">
  <ItemGroup>
    <Filter Include="Source Files">
      <UniqueIdentifier>{4FC737F1-C7A5-4376-A066-2A32D752A2FF}</UniqueIdentifier>
      <Extensions>cpp;c;cc;cxx;def;odl;idl;hpj;bat;asm;asmx</Extensions>
    </Filter>
    <Filter Include="Header Files">
      <UniqueIdentifier>{93995380-89BD-4b04-88EB-625FBE52EBFB}</UniqueIdentifier>
      <Extensions>h;hpp;hxx;hm;inl;inc;xsd</Extensions>
    </Filter>
    <Filter Include="Resource Files">
      <UniqueIdentifier>{67DA6AB6-F800-4c08-8B7A-83BB121AAD01}</UniqueIdentifier>
      <Extensions>rc;ico;cur;bmp;dlg;rc2;rct;bin;rgs;gif;jpg;jpeg;jpe;resx;tiff;tif;png;wav;mfcribbon-ms</Extensions>
    </Filter>
    <Filter Include="Header Files\AIStates">
      <UniqueIdentifier>{f3246fea-e337-4c7d-9afa-3c254bb21b8a}</UniqueIdentifier>
    </Filter>
    <Filter Include="Source Files\AIStates">
      <UniqueIdentifier>{5b0639cd-0ad7-4926-8711-f1606ae2564b}</UniqueIdentifier>
    </Filter>
    <Filter Include="Header Files\Utility">
      <UniqueIdentifier>{d926380f-d12c-4e1f-bbdb-cc4988d2c06d}</UniqueIdentifier>
    </Filter>
    <Filter Include="Header Files\Graphing">
      <UniqueIdentifier>{b6201740-ed9d-4cae-a239-6476e92ed502}</UniqueIdentifier>
    </Filter>
    <Filter Include="Source Files\Graphing">
      <UniqueIdentifier>{927010e4-c3d8-4b96-836d-174a50b5e2d4}</UniqueIdentifier>
    </Filter>
    <Filter Include="Source Files\Utility">
      <UniqueIdentifier>{231d6bc6-3eb1-47f2-8e03-eb9def6d7ad6}</UniqueIdentifier>
    </Filter>
    <Filter Include="Header Files\Drawing">
      <UniqueIdentifier>{bae1e0ae-c11a-4891-b7d3-8f495eab36df}</UniqueIdentifier>
    </Filter>
    <Filter Include="Header Files\Pathfinding">
      <UniqueIdentifier>{980f0ae1-c27a-49f2-b1fd-f54fc419407c}</UniqueIdentifier>
    </Filter>
    <Filter Include="Source Files\Drawing">
      <UniqueIdentifier>{bc4f8ef4-c86a-4aa5-ad00-f145a3b66fdc}</UniqueIdentifier>
    </Filter>
    <Filter Include="Header Files\Behaviours">
      <UniqueIdentifier>{8da44e63-cb89-4d22-a050-84a9749f5138}</UniqueIdentifier>
    </Filter>
    <Filter Include="Header Files\Managers">
      <UniqueIdentifier>{919faa96-7316-4486-ba3d-62b4183a3a9e}</UniqueIdentifier>
    </Filter>
    <Filter Include="Header Files\Utility\Physics">
      <UniqueIdentifier>{f72b6098-260b-4b8c-911a-4471b74c5eb3}</UniqueIdentifier>
    </Filter>
    <Filter Include="Header Files\Utility\Collision">
      <UniqueIdentifier>{a58e6e1c-dc17-4e70-abdd-fdb697f3fb8c}</UniqueIdentifier>
    </Filter>
    <Filter Include="Source Files\Utility\Physics">
      <UniqueIdentifier>{546dad29-d4c3-4265-befe-730297d47ea8}</UniqueIdentifier>
    </Filter>
    <Filter Include="Source Files\Managers">
      <UniqueIdentifier>{8ee113a5-4abc-4639-9252-296048141f64}</UniqueIdentifier>
    </Filter>
    <Filter Include="Source Files\Utility\Collision">
      <UniqueIdentifier>{245127b3-3d10-4d10-9a16-62066d2a9b36}</UniqueIdentifier>
    </Filter>
    <Filter Include="Source Files\Behaviours">
      <UniqueIdentifier>{ef3d2fcf-ed38-4f53-ab33-4a4db229d199}</UniqueIdentifier>
    </Filter>
    <Filter Include="Source Files\Pathfinding">
      <UniqueIdentifier>{fd9cd0ba-c475-4421-a3e2-15995326491a}</UniqueIdentifier>
    </Filter>
  </ItemGroup>
  <ItemGroup>
    <ClCompile Include="main.cpp">
      <Filter>Source Files</Filter>
    </ClCompile>
    <ClCompile Include="Npc.cpp">
      <Filter>Source Files</Filter>
    </ClCompile>
    <ClCompile Include="RedTeapot.cpp">
      <Filter>Source Files</Filter>
    </ClCompile>
    <ClCompile Include="IdleState.cpp">
      <Filter>Source Files\AIStates</Filter>
    </ClCompile>
    <ClCompile Include="TextToSpeech.cpp">
      <Filter>Source Files</Filter>
    </ClCompile>
    <ClCompile Include="SteeringData.cpp">
      <Filter>Source Files</Filter>
    </ClCompile>
    <ClCompile Include="NavMesh.cpp">
      <Filter>Source Files\Graphing</Filter>
    </ClCompile>
    <ClCompile Include="AngleConvert.cpp">
      <Filter>Source Files\Utility</Filter>
    </ClCompile>
    <ClCompile Include="BBox.cpp">
      <Filter>Source Files\Utility</Filter>
    </ClCompile>
    <ClCompile Include="Capsule.cpp">
      <Filter>Source Files\Utility</Filter>
    </ClCompile>
    <ClCompile Include="File.cpp">
      <Filter>Source Files\Utility</Filter>
    </ClCompile>
    <ClCompile Include="LineSegment.cpp">
      <Filter>Source Files\Utility</Filter>
    </ClCompile>
    <ClCompile Include="Sphere.cpp">
      <Filter>Source Files\Utility</Filter>
    </ClCompile>
    <ClCompile Include="BitmapFontBillboard.cpp">
      <Filter>Source Files\Drawing</Filter>
    </ClCompile>
    <ClCompile Include="IntersectionFuncs.cpp">
      <Filter>Source Files\Utility</Filter>
    </ClCompile>
    <ClCompile Include="ObjUsefulFunctions.cpp">
      <Filter>Source Files\Utility</Filter>
    </ClCompile>
    <ClCompile Include="BehaviourTree.cpp">
      <Filter>Source Files</Filter>
    </ClCompile>
    <ClCompile Include="Automator.cpp">
      <Filter>Source Files</Filter>
    </ClCompile>
    <ClCompile Include="GlutTimer.cpp">
      <Filter>Source Files</Filter>
    </ClCompile>
    <ClCompile Include="AccelerationModels.cpp">
      <Filter>Source Files\Utility\Physics</Filter>
    </ClCompile>
    <ClCompile Include="PhysicsTrasnform.cpp">
      <Filter>Source Files\Utility\Physics</Filter>
    </ClCompile>
    <ClCompile Include="AIManager.cpp">
      <Filter>Source Files\Managers</Filter>
    </ClCompile>
    <ClCompile Include="CollisionManager.cpp">
      <Filter>Source Files\Managers</Filter>
    </ClCompile>
    <ClCompile Include="Plane.cpp">
      <Filter>Source Files\Utility\Collision</Filter>
    </ClCompile>
    <ClCompile Include="Texture.cpp">
      <Filter>Source Files\Drawing</Filter>
    </ClCompile>
    <ClCompile Include="BehaveArrive.cpp">
      <Filter>Source Files\Behaviours</Filter>
    </ClCompile>
    <ClCompile Include="Player.cpp">
      <Filter>Source Files</Filter>
    </ClCompile>
    <ClCompile Include="BehaveAvoidWalls.cpp">
      <Filter>Source Files\Behaviours</Filter>
    </ClCompile>
    <ClCompile Include="Path.cpp">
      <Filter>Source Files\Pathfinding</Filter>
    </ClCompile>
    <ClCompile Include="BehaveFollowPath.cpp">
      <Filter>Source Files\Behaviours</Filter>
    </ClCompile>
    <ClCompile Include="Level.cpp">
      <Filter>Source Files</Filter>
    </ClCompile>
    <ClCompile Include="GameObjectManager.cpp">
      <Filter>Source Files</Filter>
    </ClCompile>
    <ClCompile Include="OpenGLGraphDrawAlgorithms.cpp">
      <Filter>Source Files\Drawing</Filter>
    </ClCompile>
    <ClCompile Include="BehaveAvoid.cpp">
      <Filter>Source Files\Behaviours</Filter>
    </ClCompile>
    <ClCompile Include="BlueTeapot.cpp">
      <Filter>Source Files</Filter>
    </ClCompile>
  </ItemGroup>
  <ItemGroup>
    <ClInclude Include="GameObject.h">
      <Filter>Header Files</Filter>
    </ClInclude>
    <ClInclude Include="IdleState.h">
      <Filter>Header Files\AIStates</Filter>
    </ClInclude>
    <ClInclude Include="TextToSpeech.h">
      <Filter>Header Files</Filter>
    </ClInclude>
    <ClInclude Include="SteeringData.h">
      <Filter>Header Files</Filter>
    </ClInclude>
    <ClInclude Include="NonCopyable.h">
      <Filter>Header Files\Utility</Filter>
    </ClInclude>
    <ClInclude Include="PhysicsTransform.h">
      <Filter>Header Files\Utility</Filter>
    </ClInclude>
    <ClInclude Include="Singleton.h">
      <Filter>Header Files\Utility</Filter>
    </ClInclude>
    <ClInclude Include="SmartPointer.h">
      <Filter>Header Files\Utility</Filter>
    </ClInclude>
    <ClInclude Include="Transform.h">
      <Filter>Header Files\Utility</Filter>
    </ClInclude>
    <ClInclude Include="Vec2.h">
      <Filter>Header Files\Utility</Filter>
    </ClInclude>
    <ClInclude Include="Vec3.h">
      <Filter>Header Files\Utility</Filter>
    </ClInclude>
    <ClInclude Include="Vec4.h">
      <Filter>Header Files\Utility</Filter>
    </ClInclude>
    <ClInclude Include="AIState.h">
      <Filter>Header Files\AIStates</Filter>
    </ClInclude>
    <ClInclude Include="Npc.h">
      <Filter>Header Files\AIStates</Filter>
    </ClInclude>
    <ClInclude Include="Graph.h">
      <Filter>Header Files\Graphing</Filter>
    </ClInclude>
    <ClInclude Include="GraphAlgorithms.h">
      <Filter>Header Files\Graphing</Filter>
    </ClInclude>
    <ClInclude Include="AngleConvert.h">
      <Filter>Header Files\Utility</Filter>
    </ClInclude>
    <ClInclude Include="OpenGLGraphDrawAlgorithms.h">
      <Filter>Header Files\Drawing</Filter>
    </ClInclude>
    <ClInclude Include="ObjUsefulFunctions.h">
      <Filter>Header Files\Drawing</Filter>
    </ClInclude>
    <ClInclude Include="BitmapFontBillboard.h">
      <Filter>Header Files\Drawing</Filter>
    </ClInclude>
    <ClInclude Include="Texture.h">
      <Filter>Header Files\Drawing</Filter>
    </ClInclude>
    <ClInclude Include="NavMesh.h">
      <Filter>Header Files\Graphing</Filter>
    </ClInclude>
    <ClInclude Include="File.h">
      <Filter>Header Files\Utility</Filter>
    </ClInclude>
    <ClInclude Include="BehaveArrive.h">
      <Filter>Header Files\Behaviours</Filter>
    </ClInclude>
    <ClInclude Include="Behaviour.h">
      <Filter>Header Files\Behaviours</Filter>
    </ClInclude>
    <ClInclude Include="RedTeapot.h">
      <Filter>Header Files</Filter>
    </ClInclude>
    <ClInclude Include="CollisionManager.h">
      <Filter>Header Files\Managers</Filter>
    </ClInclude>
    <ClInclude Include="AIManager.h">
      <Filter>Header Files\Managers</Filter>
    </ClInclude>
    <ClInclude Include="BehaviourTree.h">
      <Filter>Header Files</Filter>
    </ClInclude>
    <ClInclude Include="Automator.h">
      <Filter>Header Files\Pathfinding</Filter>
    </ClInclude>
    <ClInclude Include="GlutTimer.h">
      <Filter>Header Files</Filter>
    </ClInclude>
    <ClInclude Include="AccelerationModels.h">
      <Filter>Header Files\Utility\Physics</Filter>
    </ClInclude>
    <ClInclude Include="PhysicsTransform.h">
      <Filter>Header Files\Utility\Physics</Filter>
    </ClInclude>
    <ClInclude Include="BBox.h">
      <Filter>Header Files\Utility\Collision</Filter>
    </ClInclude>
    <ClInclude Include="Capsule.h">
      <Filter>Header Files\Utility\Collision</Filter>
    </ClInclude>
    <ClInclude Include="LineSegment.h">
      <Filter>Header Files\Utility\Collision</Filter>
    </ClInclude>
    <ClInclude Include="Octree.h">
      <Filter>Header Files\Utility\Collision</Filter>
    </ClInclude>
    <ClInclude Include="Sphere.h">
      <Filter>Header Files\Utility\Collision</Filter>
    </ClInclude>
    <ClInclude Include="IntersectionFuncs.h">
      <Filter>Header Files\Utility\Collision</Filter>
    </ClInclude>
    <ClInclude Include="Plane.h">
      <Filter>Header Files\Utility\Collision</Filter>
    </ClInclude>
    <ClInclude Include="PlaneCapsuleSeg.h">
      <Filter>Header Files\Utility\Collision</Filter>
    </ClInclude>
    <ClInclude Include="PlaneLineSeg.h">
      <Filter>Header Files\Utility\Collision</Filter>
    </ClInclude>
    <ClInclude Include="Player.h">
      <Filter>Header Files</Filter>
    </ClInclude>
    <ClInclude Include="BehaveAvoidWalls.h">
      <Filter>Header Files\Behaviours</Filter>
    </ClInclude>
    <ClInclude Include="BehaveFollowPath.h">
      <Filter>Header Files\Behaviours</Filter>
    </ClInclude>
    <ClInclude Include="Path.h">
      <Filter>Header Files\Pathfinding</Filter>
    </ClInclude>
    <ClInclude Include="AStar.h">
      <Filter>Header Files\Pathfinding</Filter>
    </ClInclude>
    <ClInclude Include="Dijkstra.h">
      <Filter>Header Files\Pathfinding</Filter>
    </ClInclude>
    <ClInclude Include="AStarOld.h">
      <Filter>Header Files\Pathfinding</Filter>
    </ClInclude>
    <ClInclude Include="Level.h">
      <Filter>Header Files</Filter>
    </ClInclude>
    <ClInclude Include="GameObjectManager.h">
      <Filter>Header Files\Managers</Filter>
    </ClInclude>
    <ClInclude Include="AIStateMachine.h">
      <Filter>Header Files</Filter>
    </ClInclude>
    <ClInclude Include="BehaveAvoid.h">
      <Filter>Header Files\Behaviours</Filter>
    </ClInclude>
    <ClInclude Include="BlueTeapot.h">
      <Filter>Header Files</Filter>
    </ClInclude>
  </ItemGroup>
</Project>